{
  "version": 1,
  "dependencies": {
    "net9.0": {
      "Roslynator.Analyzers": {
        "type": "Direct",
        "requested": "[4.12.9, )",
        "resolved": "4.12.9",
        "contentHash": "X6lDpN/D5wuinq37KIx+l3GSUe9No+8bCjGBTI5sEEtxapLztkHg6gzNVhMXpXw8P+/5gFYxTXJ5Pf8O4iNz/w=="
      },
      "Roslynator.CodeAnalysis.Analyzers": {
        "type": "Direct",
        "requested": "[4.12.9, )",
        "resolved": "4.12.9",
        "contentHash": "EFELMNQjWW32pYOP0a5gRulOGs/IAKHrlQ+8rEtpzeNEQ35Kw1ba7q9f9PNlY8fz/7+oK2HQQ7hGHVo+ke961g=="
      }
    }
  }
}